
Microsoft Visual Studio Solution File, Format Version 12.00
# Visual Studio Version 16
VisualStudioVersion = 16.0.30104.148
MinimumVisualStudioVersion = 10.0.40219.1
Project("{9A19103F-16F7-4668-BE54-9A1E7A4F7556}") = "PopMS", "PopMS\PopMS.csproj", "{BC213461-FB64-4986-A2A8-127973A46867}"
EndProject
Project("{9A19103F-16F7-4668-BE54-9A1E7A4F7556}") = "PopMS.Model", "PopMS.Model\PopMS.Model.csproj", "{3541A50C-A784-4395-8171-39D86A9ADAD4}"
EndProject
Project("{9A19103F-16F7-4668-BE54-9A1E7A4F7556}") = "PopMS.DataAccess", "PopMS.DataAccess\PopMS.DataAccess.csproj", "{8598C75A-F8B5-4E9D-9DBE-68A12DCBE12B}"
EndProject
Project("{9A19103F-16F7-4668-BE54-9A1E7A4F7556}") = "PopMS.ViewModel", "PopMS.ViewModel\PopMS.ViewModel.csproj", "{56BF246D-91E5-4C01-91CD-F5C1A5519D44}"
EndProject
Global
	GlobalSection(SolutionConfigurationPlatforms) = preSolution
		Debug|Any CPU = Debug|Any CPU
		Release|Any CPU = Release|Any CPU
	EndGlobalSection
	GlobalSection(ProjectConfigurationPlatforms) = postSolution
		{BC213461-FB64-4986-A2A8-127973A46867}.Debug|Any CPU.ActiveCfg = Debug|Any CPU
		{BC213461-FB64-4986-A2A8-127973A46867}.Debug|Any CPU.Build.0 = Debug|Any CPU
		{BC213461-FB64-4986-A2A8-127973A46867}.Release|Any CPU.ActiveCfg = Release|Any CPU
		{BC213461-FB64-4986-A2A8-127973A46867}.Release|Any CPU.Build.0 = Release|Any CPU
		{3541A50C-A784-4395-8171-39D86A9ADAD4}.Debug|Any CPU.ActiveCfg = Debug|Any CPU
		{3541A50C-A784-4395-8171-39D86A9ADAD4}.Debug|Any CPU.Build.0 = Debug|Any CPU
		{3541A50C-A784-4395-8171-39D86A9ADAD4}.Release|Any CPU.ActiveCfg = Release|Any CPU
		{3541A50C-A784-4395-8171-39D86A9ADAD4}.Release|Any CPU.Build.0 = Release|Any CPU
		{8598C75A-F8B5-4E9D-9DBE-68A12DCBE12B}.Debug|Any CPU.ActiveCfg = Debug|Any CPU
		{8598C75A-F8B5-4E9D-9DBE-68A12DCBE12B}.Debug|Any CPU.Build.0 = Debug|Any CPU
		{8598C75A-F8B5-4E9D-9DBE-68A12DCBE12B}.Release|Any CPU.ActiveCfg = Release|Any CPU
		{8598C75A-F8B5-4E9D-9DBE-68A12DCBE12B}.Release|Any CPU.Build.0 = Release|Any CPU
		{56BF246D-91E5-4C01-91CD-F5C1A5519D44}.Debug|Any CPU.ActiveCfg = Debug|Any CPU
		{56BF246D-91E5-4C01-91CD-F5C1A5519D44}.Debug|Any CPU.Build.0 = Debug|Any CPU
		{56BF246D-91E5-4C01-91CD-F5C1A5519D44}.Release|Any CPU.ActiveCfg = Release|Any CPU
		{56BF246D-91E5-4C01-91CD-F5C1A5519D44}.Release|Any CPU.Build.0 = Release|Any CPU
	EndGlobalSection
	GlobalSection(SolutionProperties) = preSolution
		HideSolutionNode = FALSE
	EndGlobalSection
	GlobalSection(ExtensibilityGlobals) = postSolution
		SolutionGuid = {1F219808-E6E8-4C1D-B846-41F2F7CF20FA}
	EndGlobalSection
EndGlobal
